// !$*UTF8*$!
{
	archiveVersion = 1;
	classes = {
	};
	objectVersion = 46;
	objects = {
/* Begin PBXBuildFile section */
		1D3623260D0F684500981E51 /* AppDelegate.m in Sources */ = {isa = PBXBuildFile; fileRef = 1D3623250D0F684500981E51 /* AppDelegate.m */; };
		1D60589B0D05DD56006BFB54 /* main.m in Sources */ = {isa = PBXBuildFile; fileRef = 29B97316FDCFA39411CA2CEA /* main.m */; };
		288765FD0DF74451002DB57D /* CoreGraphics.framework in Frameworks */ = {isa = PBXBuildFile; fileRef = 288765FC0DF74451002DB57D /* CoreGraphics.framework */; };
		301BF552109A68D80062928A /* libCordova.a in Frameworks */ = {isa = PBXBuildFile; fileRef = 301BF535109A57CC0062928A /* libCordova.a */; };
		302D95F114D2391D003F00A1 /* MainViewController.m in Sources */ = {isa = PBXBuildFile; fileRef = 302D95EF14D2391D003F00A1 /* MainViewController.m */; };
		302D95F214D2391D003F00A1 /* MainViewController.xib in Resources */ = {isa = PBXBuildFile; fileRef = 302D95F014D2391D003F00A1 /* MainViewController.xib */; };
		305D5FD1115AB8F900A74A75 /* MobileCoreServices.framework in Frameworks */ = {isa = PBXBuildFile; fileRef = 305D5FD0115AB8F900A74A75 /* MobileCoreServices.framework */; };
		3088BBBD154F3926009F9C59 /* Default-Landscape@2x~ipad.png in Resources */ = {isa = PBXBuildFile; fileRef = 3088BBB7154F3926009F9C59 /* Default-Landscape@2x~ipad.png */; };
		3088BBBE154F3926009F9C59 /* Default-Landscape~ipad.png in Resources */ = {isa = PBXBuildFile; fileRef = 3088BBB8154F3926009F9C59 /* Default-Landscape~ipad.png */; };
		3088BBBF154F3926009F9C59 /* Default-Portrait@2x~ipad.png in Resources */ = {isa = PBXBuildFile; fileRef = 3088BBB9154F3926009F9C59 /* Default-Portrait@2x~ipad.png */; };
		3088BBC0154F3926009F9C59 /* Default-Portrait~ipad.png in Resources */ = {isa = PBXBuildFile; fileRef = 3088BBBA154F3926009F9C59 /* Default-Portrait~ipad.png */; };
		3088BBC1154F3926009F9C59 /* Default@2x~iphone.png in Resources */ = {isa = PBXBuildFile; fileRef = 3088BBBB154F3926009F9C59 /* Default@2x~iphone.png */; };
		3088BBC2154F3926009F9C59 /* Default~iphone.png in Resources */ = {isa = PBXBuildFile; fileRef = 3088BBBC154F3926009F9C59 /* Default~iphone.png */; };
		308D05371370CCF300D202BF /* icon-72.png in Resources */ = {isa = PBXBuildFile; fileRef = 308D052E1370CCF300D202BF /* icon-72.png */; };
		308D05381370CCF300D202BF /* icon.png in Resources */ = {isa = PBXBuildFile; fileRef = 308D052F1370CCF300D202BF /* icon.png */; };
		308D05391370CCF300D202BF /* icon@2x.png in Resources */ = {isa = PBXBuildFile; fileRef = 308D05301370CCF300D202BF /* icon@2x.png */; };
		30B4F30019D5E07200D9F7D8 /* Default-667h.png in Resources */ = {isa = PBXBuildFile; fileRef = 30B4F2FD19D5E07200D9F7D8 /* Default-667h.png */; };
		30B4F30119D5E07200D9F7D8 /* Default-736h.png in Resources */ = {isa = PBXBuildFile; fileRef = 30B4F2FE19D5E07200D9F7D8 /* Default-736h.png */; };
		30B4F30219D5E07200D9F7D8 /* Default-Landscape-736h.png in Resources */ = {isa = PBXBuildFile; fileRef = 30B4F2FF19D5E07200D9F7D8 /* Default-Landscape-736h.png */; };
		30C1856619D5FC0A00212699 /* icon-60@3x.png in Resources */ = {isa = PBXBuildFile; fileRef = 30C1856519D5FC0A00212699 /* icon-60@3x.png */; };
		30FC414916E50CA1004E6F35 /* icon-72@2x.png in Resources */ = {isa = PBXBuildFile; fileRef = 30FC414816E50CA1004E6F35 /* icon-72@2x.png */; };
		5B1594DD16A7569C00FEF299 /* AssetsLibrary.framework in Frameworks */ = {isa = PBXBuildFile; fileRef = 5B1594DC16A7569C00FEF299 /* AssetsLibrary.framework */; };
		7E7966DE1810823500FA85AD /* icon-40.png in Resources */ = {isa = PBXBuildFile; fileRef = 7E7966D41810823500FA85AD /* icon-40.png */; };
		7E7966DF1810823500FA85AD /* icon-40@2x.png in Resources */ = {isa = PBXBuildFile; fileRef = 7E7966D51810823500FA85AD /* icon-40@2x.png */; };
		7E7966E01810823500FA85AD /* icon-50.png in Resources */ = {isa = PBXBuildFile; fileRef = 7E7966D61810823500FA85AD /* icon-50.png */; };
		7E7966E11810823500FA85AD /* icon-50@2x.png in Resources */ = {isa = PBXBuildFile; fileRef = 7E7966D71810823500FA85AD /* icon-50@2x.png */; };
		7E7966E21810823500FA85AD /* icon-60.png in Resources */ = {isa = PBXBuildFile; fileRef = 7E7966D81810823500FA85AD /* icon-60.png */; };
		7E7966E31810823500FA85AD /* icon-60@2x.png in Resources */ = {isa = PBXBuildFile; fileRef = 7E7966D91810823500FA85AD /* icon-60@2x.png */; };
		7E7966E41810823500FA85AD /* icon-76.png in Resources */ = {isa = PBXBuildFile; fileRef = 7E7966DA1810823500FA85AD /* icon-76.png */; };
		7E7966E51810823500FA85AD /* icon-76@2x.png in Resources */ = {isa = PBXBuildFile; fileRef = 7E7966DB1810823500FA85AD /* icon-76@2x.png */; };
		7E7966E61810823500FA85AD /* icon-small.png in Resources */ = {isa = PBXBuildFile; fileRef = 7E7966DC1810823500FA85AD /* icon-small.png */; };
		7E7966E71810823500FA85AD /* icon-small@2x.png in Resources */ = {isa = PBXBuildFile; fileRef = 7E7966DD1810823500FA85AD /* icon-small@2x.png */; };
		D4A0D8761607E02300AEF8BB /* Default-568h@2x~iphone.png in Resources */ = {isa = PBXBuildFile; fileRef = D4A0D8751607E02300AEF8BB /* Default-568h@2x~iphone.png */; };
		838DA433E91E4570941EC23C /* CDVDevice.m in Sources */ = {isa = PBXBuildFile; fileRef = FC5792321E9D469AB7F706A7 /* CDVDevice.m */; };
		6F748AC0B764465F88C71C11 /* CDVSplashScreen.m in Sources */ = {isa = PBXBuildFile; fileRef = 973475AB1DF74561B3C77A40 /* CDVSplashScreen.m */; };
		5874265E331C45C69D199A6A /* CDVViewController+SplashScreen.m in Sources */ = {isa = PBXBuildFile; fileRef = D517955BA05847499152123C /* CDVViewController+SplashScreen.m */; };
		85235225EF174ECDB05BFAB7 /* CDVStatusBar.m in Sources */ = {isa = PBXBuildFile; fileRef = 5F680C5C0ACD4A4795D25700 /* CDVStatusBar.m */; };
		3434B91D7C154AF787578F99 /* IonicKeyboard.m in Sources */ = {isa = PBXBuildFile; fileRef = 9E2904D049934558A373DC6D /* IonicKeyboard.m */; };
		8227C8C991D149CB975AD306 /* UIWebViewExtension.m in Sources */ = {isa = PBXBuildFile; fileRef = 8BFAAFAD63884D45BB90EDDA /* UIWebViewExtension.m */; };
		33EED82AA02547C085613E7F /* IonicConstant.m in Sources */ = {isa = PBXBuildFile; fileRef = E2A66DD8E85B4C46A8924385 /* IonicConstant.m */; };
		1F92D6DD0E8E4E628CF36E29 /* IonicDeploy.m in Sources */ = {isa = PBXBuildFile; fileRef = B937FF899AB643A8A7A2F3C6 /* IonicDeploy.m */; };
		085DF467659246ADAFDA0F8D /* Download.m in Sources */ = {isa = PBXBuildFile; fileRef = 36C45F1951CC46E1A4C5C1A7 /* Download.m */; };
		71CE2D2B37684D6E96BE7C7B /* DownloadManager.m in Sources */ = {isa = PBXBuildFile; fileRef = 712EC71670304E79BA7F622F /* DownloadManager.m */; };
		8043C92E6451495BA4D452AF /* SSZipArchive.m in Sources */ = {isa = PBXBuildFile; fileRef = 33956E2EED2F4985B853E84B /* SSZipArchive.m */; };
		91C8B0D055C94311A5860696 /* ioapi.c in Resources */ = {isa = PBXBuildFile; fileRef = 6280420E06D14CA68916981C /* ioapi.c */; };
		D65206228BB344B9A1357851 /* unzip.c in Resources */ = {isa = PBXBuildFile; fileRef = 9822E6ED35CD4076A30F95A1 /* unzip.c */; };
		F21A4AB71B6344AC9B26A38B /* zip.c in Resources */ = {isa = PBXBuildFile; fileRef = FD4267D82E934A6C9DB5C0B5 /* zip.c */; };
		FEC10F8738374DF2B2A35AFB /* adler32.c in Resources */ = {isa = PBXBuildFile; fileRef = F601BEE56926413191C5D995 /* adler32.c */; };
		AAC3428B53DB4AAFB92B174D /* compress.c in Resources */ = {isa = PBXBuildFile; fileRef = 6EEA31F985534C78875E65F5 /* compress.c */; };
		D41634C79C834D9AAB93D618 /* crc32.c in Resources */ = {isa = PBXBuildFile; fileRef = ECF48121B74B4285AC911D57 /* crc32.c */; };
		5A517B45BE644277B44E8FFE /* deflate.c in Resources */ = {isa = PBXBuildFile; fileRef = BDAA864486EA4C10A0D8A185 /* deflate.c */; };
		D5C572AEA30444E8BFAB8B73 /* gzclose.c in Resources */ = {isa = PBXBuildFile; fileRef = 374A4F6BF8FB4E0998A4E1E0 /* gzclose.c */; };
		E5796557819D4E2E82E61824 /* gzlib.c in Resources */ = {isa = PBXBuildFile; fileRef = 11FD7896A0A146B6A203918E /* gzlib.c */; };
		3B9AF1BC25F742D297799D5E /* gzread.c in Resources */ = {isa = PBXBuildFile; fileRef = 364C332D84F84FFC88192C4E /* gzread.c */; };
		58EC0817FB1B4870B8BAE888 /* gzwrite.c in Resources */ = {isa = PBXBuildFile; fileRef = 27E0A75F54624EC8AE46E11B /* gzwrite.c */; };
		5E134F2EA6224BE08E96CD92 /* infback.c in Resources */ = {isa = PBXBuildFile; fileRef = FE14226E5647456993328993 /* infback.c */; };
		8321C27EB4B144A5864D3F40 /* inffast.c in Resources */ = {isa = PBXBuildFile; fileRef = B71E5634A93045C38016FBC2 /* inffast.c */; };
		F12AD32F922C47A681C6AC1A /* inflate.c in Resources */ = {isa = PBXBuildFile; fileRef = C18925D6AF944A9E8C86B8FE /* inflate.c */; };
		F7E907F751BB4A8D8D9A4467 /* inftrees.c in Resources */ = {isa = PBXBuildFile; fileRef = CF454FA9B2774D70A64B584D /* inftrees.c */; };
		B3D9467DA5EE4D81A7E90AAB /* trees.c in Resources */ = {isa = PBXBuildFile; fileRef = F68551C0F8884C8FB3F0FC7B /* trees.c */; };
		26268CC392594F5682F7A3D3 /* uncompr.c in Resources */ = {isa = PBXBuildFile; fileRef = 17277C59C7A0435194C113D7 /* uncompr.c */; };
		2B43A0AA6EC34CBD9A8D20EC /* zutil.c in Resources */ = {isa = PBXBuildFile; fileRef = E07308C627FD4957824FC119 /* zutil.c */; };
		EAE80812FEB14597B970F16D /* Base64.m in Sources */ = {isa = PBXBuildFile; fileRef = 367093F42D3349E7A6070B1B /* Base64.m */; };
		BED84641F986472BB7C3B6D2 /* UNIHTTPClientHelper.m in Sources */ = {isa = PBXBuildFile; fileRef = B97F05C8A2AD49829ACB0EEF /* UNIHTTPClientHelper.m */; };
		97FD766BBD624B6FB238A715 /* UNIHTTPRequest.m in Sources */ = {isa = PBXBuildFile; fileRef = D2A3C23513C3436297DF298A /* UNIHTTPRequest.m */; };
		96791CF205754698BD2FF286 /* UNIHTTPRequestWithBody.m in Sources */ = {isa = PBXBuildFile; fileRef = FDF09F7F46444EC7BEF38FC2 /* UNIHTTPRequestWithBody.m */; };
		7752AC5323C446A0B04FA756 /* UNIRest.m in Sources */ = {isa = PBXBuildFile; fileRef = A3EA56F11D824731A9F4D4F3 /* UNIRest.m */; };
		FA6744ED205342AB99AE9D0D /* UNIUrlConnection.m in Sources */ = {isa = PBXBuildFile; fileRef = F61A74E2CACF427BB7075685 /* UNIUrlConnection.m */; };
		95446AFFFC074E9CA58066D3 /* UNIBaseRequest.m in Sources */ = {isa = PBXBuildFile; fileRef = 44A26F11D41A4C95AC8FDA9B /* UNIBaseRequest.m */; };
		39D83607B3B941A19C480436 /* UNIBodyRequest.m in Sources */ = {isa = PBXBuildFile; fileRef = 42535920F5754698985D40C7 /* UNIBodyRequest.m */; };
		BC1FC1690F0B4A2A8E5A49D2 /* UNISimpleRequest.m in Sources */ = {isa = PBXBuildFile; fileRef = 40BD3A6D244149A4BE27E66C /* UNISimpleRequest.m */; };
		2FE0DA838AE54CAAB22E66F4 /* UNIHTTPBinaryResponse.m in Sources */ = {isa = PBXBuildFile; fileRef = 542059B7C7E14C5A8870ABB6 /* UNIHTTPBinaryResponse.m */; };
		71FA71386F9C4449B3E8D889 /* UNIHTTPJsonResponse.m in Sources */ = {isa = PBXBuildFile; fileRef = B105294406834149BA329BFF /* UNIHTTPJsonResponse.m */; };
		ED44DD86E3EA4E4D8D085B4D /* UNIHTTPResponse.m in Sources */ = {isa = PBXBuildFile; fileRef = 4983E72545664D208152C402 /* UNIHTTPResponse.m */; };
		C7270CB32EEC41E79BE4C842 /* UNIHTTPStringResponse.m in Sources */ = {isa = PBXBuildFile; fileRef = BFDB34B0B8D943629849520E /* UNIHTTPStringResponse.m */; };
		006B59EE5E02462B9FCCABC5 /* UNIJsonNode.m in Sources */ = {isa = PBXBuildFile; fileRef = 8B111539EE224225B5F4279B /* UNIJsonNode.m */; };
/* End PBXBuildFile section */

/* Begin PBXContainerItemProxy section */
		301BF534109A57CC0062928A /* PBXContainerItemProxy */ = {
			isa = PBXContainerItemProxy;
			containerPortal = 301BF52D109A57CC0062928A /* CordovaLib.xcodeproj */;
			proxyType = 2;
			remoteGlobalIDString = D2AAC07E0554694100DB518D;
			remoteInfo = CordovaLib;
		};
		301BF550109A68C00062928A /* PBXContainerItemProxy */ = {
			isa = PBXContainerItemProxy;
			containerPortal = 301BF52D109A57CC0062928A /* CordovaLib.xcodeproj */;
			proxyType = 1;
			remoteGlobalIDString = D2AAC07D0554694100DB518D;
			remoteInfo = CordovaLib;
		};
/* End PBXContainerItemProxy section */

/* Begin PBXFileReference section */
		1D3623240D0F684500981E51 /* AppDelegate.h */ = {isa = PBXFileReference; fileEncoding = 4; lastKnownFileType = sourcecode.c.h; path = AppDelegate.h; sourceTree = "<group>"; };
		1D3623250D0F684500981E51 /* AppDelegate.m */ = {isa = PBXFileReference; fileEncoding = 4; lastKnownFileType = sourcecode.c.objc; path = AppDelegate.m; sourceTree = "<group>"; };
		1D6058910D05DD3D006BFB54 /* todo.app */ = {isa = PBXFileReference; explicitFileType = wrapper.application; includeInIndex = 0; path = "todo.app"; sourceTree = BUILT_PRODUCTS_DIR; };
		1F766FDD13BBADB100FB74C0 /* en */ = {isa = PBXFileReference; lastKnownFileType = text.plist.strings; name = en; path = Localizable.strings; sourceTree = "<group>"; };
		1F766FE013BBADB100FB74C0 /* es */ = {isa = PBXFileReference; lastKnownFileType = text.plist.strings; name = es; path = Localizable.strings; sourceTree = "<group>"; };
		288765FC0DF74451002DB57D /* CoreGraphics.framework */ = {isa = PBXFileReference; lastKnownFileType = wrapper.framework; name = CoreGraphics.framework; path = System/Library/Frameworks/CoreGraphics.framework; sourceTree = SDKROOT; };
		29B97316FDCFA39411CA2CEA /* main.m */ = {isa = PBXFileReference; fileEncoding = 4; lastKnownFileType = sourcecode.c.objc; path = main.m; sourceTree = "<group>"; };
		301BF52D109A57CC0062928A /* CordovaLib.xcodeproj */ = {isa = PBXFileReference; lastKnownFileType = "wrapper.pb-project"; name = CordovaLib.xcodeproj; path = CordovaLib/CordovaLib.xcodeproj; sourceTree = "<group>"; };
		301BF56E109A69640062928A /* www */ = {isa = PBXFileReference; lastKnownFileType = folder; path = www; sourceTree = SOURCE_ROOT; };
		302D95EE14D2391D003F00A1 /* MainViewController.h */ = {isa = PBXFileReference; fileEncoding = 4; lastKnownFileType = sourcecode.c.h; path = MainViewController.h; sourceTree = "<group>"; };
		302D95EF14D2391D003F00A1 /* MainViewController.m */ = {isa = PBXFileReference; fileEncoding = 4; lastKnownFileType = sourcecode.c.objc; path = MainViewController.m; sourceTree = "<group>"; };
		302D95F014D2391D003F00A1 /* MainViewController.xib */ = {isa = PBXFileReference; fileEncoding = 4; lastKnownFileType = file.xib; path = MainViewController.xib; sourceTree = "<group>"; };
		305D5FD0115AB8F900A74A75 /* MobileCoreServices.framework */ = {isa = PBXFileReference; lastKnownFileType = wrapper.framework; name = MobileCoreServices.framework; path = System/Library/Frameworks/MobileCoreServices.framework; sourceTree = SDKROOT; };
		3088BBB7154F3926009F9C59 /* Default-Landscape@2x~ipad.png */ = {isa = PBXFileReference; lastKnownFileType = image.png; path = "Default-Landscape@2x~ipad.png"; sourceTree = "<group>"; };
		3088BBB8154F3926009F9C59 /* Default-Landscape~ipad.png */ = {isa = PBXFileReference; lastKnownFileType = image.png; path = "Default-Landscape~ipad.png"; sourceTree = "<group>"; };
		3088BBB9154F3926009F9C59 /* Default-Portrait@2x~ipad.png */ = {isa = PBXFileReference; lastKnownFileType = image.png; path = "Default-Portrait@2x~ipad.png"; sourceTree = "<group>"; };
		3088BBBA154F3926009F9C59 /* Default-Portrait~ipad.png */ = {isa = PBXFileReference; lastKnownFileType = image.png; path = "Default-Portrait~ipad.png"; sourceTree = "<group>"; };
		3088BBBB154F3926009F9C59 /* Default@2x~iphone.png */ = {isa = PBXFileReference; lastKnownFileType = image.png; path = "Default@2x~iphone.png"; sourceTree = "<group>"; };
		3088BBBC154F3926009F9C59 /* Default~iphone.png */ = {isa = PBXFileReference; lastKnownFileType = image.png; path = "Default~iphone.png"; sourceTree = "<group>"; };
		308D052E1370CCF300D202BF /* icon-72.png */ = {isa = PBXFileReference; lastKnownFileType = image.png; path = "icon-72.png"; sourceTree = "<group>"; };
		308D052F1370CCF300D202BF /* icon.png */ = {isa = PBXFileReference; lastKnownFileType = image.png; path = icon.png; sourceTree = "<group>"; };
		308D05301370CCF300D202BF /* icon@2x.png */ = {isa = PBXFileReference; lastKnownFileType = image.png; path = "icon@2x.png"; sourceTree = "<group>"; };
		30B4F2FD19D5E07200D9F7D8 /* Default-667h.png */ = {isa = PBXFileReference; lastKnownFileType = image.png; path = "Default-667h.png"; sourceTree = "<group>"; };
		30B4F2FE19D5E07200D9F7D8 /* Default-736h.png */ = {isa = PBXFileReference; lastKnownFileType = image.png; path = "Default-736h.png"; sourceTree = "<group>"; };
		30B4F2FF19D5E07200D9F7D8 /* Default-Landscape-736h.png */ = {isa = PBXFileReference; lastKnownFileType = image.png; path = "Default-Landscape-736h.png"; sourceTree = "<group>"; };
		30C1856519D5FC0A00212699 /* icon-60@3x.png */ = {isa = PBXFileReference; lastKnownFileType = image.png; path = "icon-60@3x.png"; sourceTree = "<group>"; };
		30FC414816E50CA1004E6F35 /* icon-72@2x.png */ = {isa = PBXFileReference; lastKnownFileType = image.png; path = "icon-72@2x.png"; sourceTree = "<group>"; };
		32CA4F630368D1EE00C91783 /* todo-Prefix.pch */ = {isa = PBXFileReference; fileEncoding = 4; lastKnownFileType = sourcecode.c.h; path = "todo-Prefix.pch"; sourceTree = "<group>"; };
		5B1594DC16A7569C00FEF299 /* AssetsLibrary.framework */ = {isa = PBXFileReference; lastKnownFileType = wrapper.framework; name = AssetsLibrary.framework; path = System/Library/Frameworks/AssetsLibrary.framework; sourceTree = SDKROOT; };
		7E7966D41810823500FA85AD /* icon-40.png */ = {isa = PBXFileReference; lastKnownFileType = image.png; path = "icon-40.png"; sourceTree = "<group>"; };
		7E7966D51810823500FA85AD /* icon-40@2x.png */ = {isa = PBXFileReference; lastKnownFileType = image.png; path = "icon-40@2x.png"; sourceTree = "<group>"; };
		7E7966D61810823500FA85AD /* icon-50.png */ = {isa = PBXFileReference; lastKnownFileType = image.png; path = "icon-50.png"; sourceTree = "<group>"; };
		7E7966D71810823500FA85AD /* icon-50@2x.png */ = {isa = PBXFileReference; lastKnownFileType = image.png; path = "icon-50@2x.png"; sourceTree = "<group>"; };
		7E7966D81810823500FA85AD /* icon-60.png */ = {isa = PBXFileReference; lastKnownFileType = image.png; path = "icon-60.png"; sourceTree = "<group>"; };
		7E7966D91810823500FA85AD /* icon-60@2x.png */ = {isa = PBXFileReference; lastKnownFileType = image.png; path = "icon-60@2x.png"; sourceTree = "<group>"; };
		7E7966DA1810823500FA85AD /* icon-76.png */ = {isa = PBXFileReference; lastKnownFileType = image.png; path = "icon-76.png"; sourceTree = "<group>"; };
		7E7966DB1810823500FA85AD /* icon-76@2x.png */ = {isa = PBXFileReference; lastKnownFileType = image.png; path = "icon-76@2x.png"; sourceTree = "<group>"; };
		7E7966DC1810823500FA85AD /* icon-small.png */ = {isa = PBXFileReference; lastKnownFileType = image.png; path = "icon-small.png"; sourceTree = "<group>"; };
		7E7966DD1810823500FA85AD /* icon-small@2x.png */ = {isa = PBXFileReference; lastKnownFileType = image.png; path = "icon-small@2x.png"; sourceTree = "<group>"; };
		8D1107310486CEB800E47090 /* todo-Info.plist */ = {isa = PBXFileReference; fileEncoding = 4; lastKnownFileType = text.plist.xml; name = "todo-Info.plist"; path = "../todo-Info.plist"; plistStructureDefinitionIdentifier = "com.apple.xcode.plist.structure-definition.iphone.info-plist"; sourceTree = "<group>"; };
		D4A0D8751607E02300AEF8BB /* Default-568h@2x~iphone.png */ = {isa = PBXFileReference; lastKnownFileType = image.png; path = "Default-568h@2x~iphone.png"; sourceTree = "<group>"; };
		EB87FDF21871DA7A0020F90C /* merges */ = {isa = PBXFileReference; lastKnownFileType = folder; name = merges; path = ../../merges; sourceTree = "<group>"; };
		EB87FDF31871DA8E0020F90C /* www */ = {isa = PBXFileReference; lastKnownFileType = folder; name = www; path = ../../www; sourceTree = "<group>"; };
		EB87FDF41871DAF40020F90C /* config.xml */ = {isa = PBXFileReference; lastKnownFileType = text.xml; name = config.xml; path = ../../config.xml; sourceTree = "<group>"; };
		F840E1F0165FE0F500CFE078 /* config.xml */ = {isa = PBXFileReference; lastKnownFileType = text.xml; name = config.xml; path = "todo/config.xml"; sourceTree = "<group>"; };
		FC5792321E9D469AB7F706A7 /* CDVDevice.m */ = {isa = PBXFileReference; lastKnownFileType = sourcecode.c.objc; name = "CDVDevice.m"; path = "cordova-plugin-device/CDVDevice.m"; sourceTree = "<group>"; fileEncoding = 4; };
		C7FD455E08EB4B839B6B4D77 /* CDVDevice.h */ = {isa = PBXFileReference; lastKnownFileType = sourcecode.c.h; name = "CDVDevice.h"; path = "cordova-plugin-device/CDVDevice.h"; sourceTree = "<group>"; fileEncoding = 4; };
		973475AB1DF74561B3C77A40 /* CDVSplashScreen.m */ = {isa = PBXFileReference; lastKnownFileType = sourcecode.c.objc; name = "CDVSplashScreen.m"; path = "cordova-plugin-splashscreen/CDVSplashScreen.m"; sourceTree = "<group>"; fileEncoding = 4; };
		D517955BA05847499152123C /* CDVViewController+SplashScreen.m */ = {isa = PBXFileReference; lastKnownFileType = sourcecode.c.objc; name = "CDVViewController+SplashScreen.m"; path = "cordova-plugin-splashscreen/CDVViewController+SplashScreen.m"; sourceTree = "<group>"; fileEncoding = 4; };
		D274ADBE2D8B4622885F3A51 /* CDVSplashScreen.h */ = {isa = PBXFileReference; lastKnownFileType = sourcecode.c.h; name = "CDVSplashScreen.h"; path = "cordova-plugin-splashscreen/CDVSplashScreen.h"; sourceTree = "<group>"; fileEncoding = 4; };
		3B17E553FD2B40099AC6947A /* CDVViewController+SplashScreen.h */ = {isa = PBXFileReference; lastKnownFileType = sourcecode.c.h; name = "CDVViewController+SplashScreen.h"; path = "cordova-plugin-splashscreen/CDVViewController+SplashScreen.h"; sourceTree = "<group>"; fileEncoding = 4; };
		5F680C5C0ACD4A4795D25700 /* CDVStatusBar.m */ = {isa = PBXFileReference; lastKnownFileType = sourcecode.c.objc; name = "CDVStatusBar.m"; path = "cordova-plugin-statusbar/CDVStatusBar.m"; sourceTree = "<group>"; fileEncoding = 4; };
		C3FBCD7D6C9A4A128EB9EA72 /* CDVStatusBar.h */ = {isa = PBXFileReference; lastKnownFileType = sourcecode.c.h; name = "CDVStatusBar.h"; path = "cordova-plugin-statusbar/CDVStatusBar.h"; sourceTree = "<group>"; fileEncoding = 4; };
		9E2904D049934558A373DC6D /* IonicKeyboard.m */ = {isa = PBXFileReference; lastKnownFileType = sourcecode.c.objc; name = "IonicKeyboard.m"; path = "ionic-plugin-keyboard/IonicKeyboard.m"; sourceTree = "<group>"; fileEncoding = 4; };
		8BFAAFAD63884D45BB90EDDA /* UIWebViewExtension.m */ = {isa = PBXFileReference; lastKnownFileType = sourcecode.c.objc; name = "UIWebViewExtension.m"; path = "ionic-plugin-keyboard/UIWebViewExtension.m"; sourceTree = "<group>"; fileEncoding = 4; };
		DD242F7880D3422291838187 /* IonicKeyboard.h */ = {isa = PBXFileReference; lastKnownFileType = sourcecode.c.h; name = "IonicKeyboard.h"; path = "ionic-plugin-keyboard/IonicKeyboard.h"; sourceTree = "<group>"; fileEncoding = 4; };
		7A7900AD232345FE83D87630 /* UIWebViewExtension.h */ = {isa = PBXFileReference; lastKnownFileType = sourcecode.c.h; name = "UIWebViewExtension.h"; path = "ionic-plugin-keyboard/UIWebViewExtension.h"; sourceTree = "<group>"; fileEncoding = 4; };
		E2A66DD8E85B4C46A8924385 /* IonicConstant.m */ = {isa = PBXFileReference; lastKnownFileType = sourcecode.c.objc; name = "IonicConstant.m"; path = "ionic-plugin-deploy/IonicConstant.m"; sourceTree = "<group>"; fileEncoding = 4; };
		B937FF899AB643A8A7A2F3C6 /* IonicDeploy.m */ = {isa = PBXFileReference; lastKnownFileType = sourcecode.c.objc; name = "IonicDeploy.m"; path = "ionic-plugin-deploy/IonicDeploy.m"; sourceTree = "<group>"; fileEncoding = 4; };
		36C45F1951CC46E1A4C5C1A7 /* Download.m */ = {isa = PBXFileReference; lastKnownFileType = sourcecode.c.objc; name = "Download.m"; path = "ionic-plugin-deploy/Download.m"; sourceTree = "<group>"; fileEncoding = 4; };
		712EC71670304E79BA7F622F /* DownloadManager.m */ = {isa = PBXFileReference; lastKnownFileType = sourcecode.c.objc; name = "DownloadManager.m"; path = "ionic-plugin-deploy/DownloadManager.m"; sourceTree = "<group>"; fileEncoding = 4; };
		33956E2EED2F4985B853E84B /* SSZipArchive.m */ = {isa = PBXFileReference; lastKnownFileType = sourcecode.c.objc; name = "SSZipArchive.m"; path = "ionic-plugin-deploy/SSZipArchive.m"; sourceTree = "<group>"; fileEncoding = 4; };
		6280420E06D14CA68916981C /* ioapi.c */ = {isa = PBXFileReference; lastKnownFileType = unknown; name = "ioapi.c"; path = "ionic-plugin-deploy/ioapi.c"; sourceTree = "<group>"; fileEncoding = 4; };
		9822E6ED35CD4076A30F95A1 /* unzip.c */ = {isa = PBXFileReference; lastKnownFileType = unknown; name = "unzip.c"; path = "ionic-plugin-deploy/unzip.c"; sourceTree = "<group>"; fileEncoding = 4; };
		FD4267D82E934A6C9DB5C0B5 /* zip.c */ = {isa = PBXFileReference; lastKnownFileType = unknown; name = "zip.c"; path = "ionic-plugin-deploy/zip.c"; sourceTree = "<group>"; fileEncoding = 4; };
		F601BEE56926413191C5D995 /* adler32.c */ = {isa = PBXFileReference; lastKnownFileType = unknown; name = "adler32.c"; path = "ionic-plugin-deploy/adler32.c"; sourceTree = "<group>"; fileEncoding = 4; };
		6EEA31F985534C78875E65F5 /* compress.c */ = {isa = PBXFileReference; lastKnownFileType = unknown; name = "compress.c"; path = "ionic-plugin-deploy/compress.c"; sourceTree = "<group>"; fileEncoding = 4; };
		ECF48121B74B4285AC911D57 /* crc32.c */ = {isa = PBXFileReference; lastKnownFileType = unknown; name = "crc32.c"; path = "ionic-plugin-deploy/crc32.c"; sourceTree = "<group>"; fileEncoding = 4; };
		BDAA864486EA4C10A0D8A185 /* deflate.c */ = {isa = PBXFileReference; lastKnownFileType = unknown; name = "deflate.c"; path = "ionic-plugin-deploy/deflate.c"; sourceTree = "<group>"; fileEncoding = 4; };
		374A4F6BF8FB4E0998A4E1E0 /* gzclose.c */ = {isa = PBXFileReference; lastKnownFileType = unknown; name = "gzclose.c"; path = "ionic-plugin-deploy/gzclose.c"; sourceTree = "<group>"; fileEncoding = 4; };
		11FD7896A0A146B6A203918E /* gzlib.c */ = {isa = PBXFileReference; lastKnownFileType = unknown; name = "gzlib.c"; path = "ionic-plugin-deploy/gzlib.c"; sourceTree = "<group>"; fileEncoding = 4; };
		364C332D84F84FFC88192C4E /* gzread.c */ = {isa = PBXFileReference; lastKnownFileType = unknown; name = "gzread.c"; path = "ionic-plugin-deploy/gzread.c"; sourceTree = "<group>"; fileEncoding = 4; };
		27E0A75F54624EC8AE46E11B /* gzwrite.c */ = {isa = PBXFileReference; lastKnownFileType = unknown; name = "gzwrite.c"; path = "ionic-plugin-deploy/gzwrite.c"; sourceTree = "<group>"; fileEncoding = 4; };
		FE14226E5647456993328993 /* infback.c */ = {isa = PBXFileReference; lastKnownFileType = unknown; name = "infback.c"; path = "ionic-plugin-deploy/infback.c"; sourceTree = "<group>"; fileEncoding = 4; };
		B71E5634A93045C38016FBC2 /* inffast.c */ = {isa = PBXFileReference; lastKnownFileType = unknown; name = "inffast.c"; path = "ionic-plugin-deploy/inffast.c"; sourceTree = "<group>"; fileEncoding = 4; };
		C18925D6AF944A9E8C86B8FE /* inflate.c */ = {isa = PBXFileReference; lastKnownFileType = unknown; name = "inflate.c"; path = "ionic-plugin-deploy/inflate.c"; sourceTree = "<group>"; fileEncoding = 4; };
		CF454FA9B2774D70A64B584D /* inftrees.c */ = {isa = PBXFileReference; lastKnownFileType = unknown; name = "inftrees.c"; path = "ionic-plugin-deploy/inftrees.c"; sourceTree = "<group>"; fileEncoding = 4; };
		F68551C0F8884C8FB3F0FC7B /* trees.c */ = {isa = PBXFileReference; lastKnownFileType = unknown; name = "trees.c"; path = "ionic-plugin-deploy/trees.c"; sourceTree = "<group>"; fileEncoding = 4; };
		17277C59C7A0435194C113D7 /* uncompr.c */ = {isa = PBXFileReference; lastKnownFileType = unknown; name = "uncompr.c"; path = "ionic-plugin-deploy/uncompr.c"; sourceTree = "<group>"; fileEncoding = 4; };
		E07308C627FD4957824FC119 /* zutil.c */ = {isa = PBXFileReference; lastKnownFileType = unknown; name = "zutil.c"; path = "ionic-plugin-deploy/zutil.c"; sourceTree = "<group>"; fileEncoding = 4; };
		367093F42D3349E7A6070B1B /* Base64.m */ = {isa = PBXFileReference; lastKnownFileType = sourcecode.c.objc; name = "Base64.m"; path = "ionic-plugin-deploy/Base64.m"; sourceTree = "<group>"; fileEncoding = 4; };
		B97F05C8A2AD49829ACB0EEF /* UNIHTTPClientHelper.m */ = {isa = PBXFileReference; lastKnownFileType = sourcecode.c.objc; name = "UNIHTTPClientHelper.m"; path = "ionic-plugin-deploy/UNIHTTPClientHelper.m"; sourceTree = "<group>"; fileEncoding = 4; };
		D2A3C23513C3436297DF298A /* UNIHTTPRequest.m */ = {isa = PBXFileReference; lastKnownFileType = sourcecode.c.objc; name = "UNIHTTPRequest.m"; path = "ionic-plugin-deploy/UNIHTTPRequest.m"; sourceTree = "<group>"; fileEncoding = 4; };
		FDF09F7F46444EC7BEF38FC2 /* UNIHTTPRequestWithBody.m */ = {isa = PBXFileReference; lastKnownFileType = sourcecode.c.objc; name = "UNIHTTPRequestWithBody.m"; path = "ionic-plugin-deploy/UNIHTTPRequestWithBody.m"; sourceTree = "<group>"; fileEncoding = 4; };
		A3EA56F11D824731A9F4D4F3 /* UNIRest.m */ = {isa = PBXFileReference; lastKnownFileType = sourcecode.c.objc; name = "UNIRest.m"; path = "ionic-plugin-deploy/UNIRest.m"; sourceTree = "<group>"; fileEncoding = 4; };
		F61A74E2CACF427BB7075685 /* UNIUrlConnection.m */ = {isa = PBXFileReference; lastKnownFileType = sourcecode.c.objc; name = "UNIUrlConnection.m"; path = "ionic-plugin-deploy/UNIUrlConnection.m"; sourceTree = "<group>"; fileEncoding = 4; };
		44A26F11D41A4C95AC8FDA9B /* UNIBaseRequest.m */ = {isa = PBXFileReference; lastKnownFileType = sourcecode.c.objc; name = "UNIBaseRequest.m"; path = "ionic-plugin-deploy/UNIBaseRequest.m"; sourceTree = "<group>"; fileEncoding = 4; };
		42535920F5754698985D40C7 /* UNIBodyRequest.m */ = {isa = PBXFileReference; lastKnownFileType = sourcecode.c.objc; name = "UNIBodyRequest.m"; path = "ionic-plugin-deploy/UNIBodyRequest.m"; sourceTree = "<group>"; fileEncoding = 4; };
		40BD3A6D244149A4BE27E66C /* UNISimpleRequest.m */ = {isa = PBXFileReference; lastKnownFileType = sourcecode.c.objc; name = "UNISimpleRequest.m"; path = "ionic-plugin-deploy/UNISimpleRequest.m"; sourceTree = "<group>"; fileEncoding = 4; };
		542059B7C7E14C5A8870ABB6 /* UNIHTTPBinaryResponse.m */ = {isa = PBXFileReference; lastKnownFileType = sourcecode.c.objc; name = "UNIHTTPBinaryResponse.m"; path = "ionic-plugin-deploy/UNIHTTPBinaryResponse.m"; sourceTree = "<group>"; fileEncoding = 4; };
		B105294406834149BA329BFF /* UNIHTTPJsonResponse.m */ = {isa = PBXFileReference; lastKnownFileType = sourcecode.c.objc; name = "UNIHTTPJsonResponse.m"; path = "ionic-plugin-deploy/UNIHTTPJsonResponse.m"; sourceTree = "<group>"; fileEncoding = 4; };
		4983E72545664D208152C402 /* UNIHTTPResponse.m */ = {isa = PBXFileReference; lastKnownFileType = sourcecode.c.objc; name = "UNIHTTPResponse.m"; path = "ionic-plugin-deploy/UNIHTTPResponse.m"; sourceTree = "<group>"; fileEncoding = 4; };
		BFDB34B0B8D943629849520E /* UNIHTTPStringResponse.m */ = {isa = PBXFileReference; lastKnownFileType = sourcecode.c.objc; name = "UNIHTTPStringResponse.m"; path = "ionic-plugin-deploy/UNIHTTPStringResponse.m"; sourceTree = "<group>"; fileEncoding = 4; };
		8B111539EE224225B5F4279B /* UNIJsonNode.m */ = {isa = PBXFileReference; lastKnownFileType = sourcecode.c.objc; name = "UNIJsonNode.m"; path = "ionic-plugin-deploy/UNIJsonNode.m"; sourceTree = "<group>"; fileEncoding = 4; };
		60D6EDC62E4147478371E7D6 /* IonicConstant.h */ = {isa = PBXFileReference; lastKnownFileType = sourcecode.c.h; name = "IonicConstant.h"; path = "ionic-plugin-deploy/IonicConstant.h"; sourceTree = "<group>"; fileEncoding = 4; };
		107D8F2FE31A414B8DF170D5 /* IonicDeploy.h */ = {isa = PBXFileReference; lastKnownFileType = sourcecode.c.h; name = "IonicDeploy.h"; path = "ionic-plugin-deploy/IonicDeploy.h"; sourceTree = "<group>"; fileEncoding = 4; };
		DBE9438A9A564DE98A677120 /* Download.h */ = {isa = PBXFileReference; lastKnownFileType = sourcecode.c.h; name = "Download.h"; path = "ionic-plugin-deploy/Download.h"; sourceTree = "<group>"; fileEncoding = 4; };
		06C7C1C2D8F945D1ABEACC06 /* DownloadManager.h */ = {isa = PBXFileReference; lastKnownFileType = sourcecode.c.h; name = "DownloadManager.h"; path = "ionic-plugin-deploy/DownloadManager.h"; sourceTree = "<group>"; fileEncoding = 4; };
		E76E4C876D824529BD68294A /* SSZipArchive.h */ = {isa = PBXFileReference; lastKnownFileType = sourcecode.c.h; name = "SSZipArchive.h"; path = "ionic-plugin-deploy/SSZipArchive.h"; sourceTree = "<group>"; fileEncoding = 4; };
		21EE800455DB483DAEAD6AEB /* ARCHelper.h */ = {isa = PBXFileReference; lastKnownFileType = sourcecode.c.h; name = "ARCHelper.h"; path = "ionic-plugin-deploy/ARCHelper.h"; sourceTree = "<group>"; fileEncoding = 4; };
		1A1CCC2CDCB54BE48147BA99 /* crypt.h */ = {isa = PBXFileReference; lastKnownFileType = sourcecode.c.h; name = "crypt.h"; path = "ionic-plugin-deploy/crypt.h"; sourceTree = "<group>"; fileEncoding = 4; };
		1405C3BA536548F8A8F59E2D /* ioapi.h */ = {isa = PBXFileReference; lastKnownFileType = sourcecode.c.h; name = "ioapi.h"; path = "ionic-plugin-deploy/ioapi.h"; sourceTree = "<group>"; fileEncoding = 4; };
		82BD1EA5EF494A2F8FEE8272 /* unzip.h */ = {isa = PBXFileReference; lastKnownFileType = sourcecode.c.h; name = "unzip.h"; path = "ionic-plugin-deploy/unzip.h"; sourceTree = "<group>"; fileEncoding = 4; };
		3D47C60181D74E08A5A2C40A /* zip.h */ = {isa = PBXFileReference; lastKnownFileType = sourcecode.c.h; name = "zip.h"; path = "ionic-plugin-deploy/zip.h"; sourceTree = "<group>"; fileEncoding = 4; };
		2471958455D340A2B591A60B /* crc32.h */ = {isa = PBXFileReference; lastKnownFileType = sourcecode.c.h; name = "crc32.h"; path = "ionic-plugin-deploy/crc32.h"; sourceTree = "<group>"; fileEncoding = 4; };
		EB4F1C301D3049F4B29C45E5 /* deflate.h */ = {isa = PBXFileReference; lastKnownFileType = sourcecode.c.h; name = "deflate.h"; path = "ionic-plugin-deploy/deflate.h"; sourceTree = "<group>"; fileEncoding = 4; };
		879899D99AC64A05B3F19E39 /* gzguts.h */ = {isa = PBXFileReference; lastKnownFileType = sourcecode.c.h; name = "gzguts.h"; path = "ionic-plugin-deploy/gzguts.h"; sourceTree = "<group>"; fileEncoding = 4; };
		BAEEFDA50CE34A988EDD7E4F /* inffast.h */ = {isa = PBXFileReference; lastKnownFileType = sourcecode.c.h; name = "inffast.h"; path = "ionic-plugin-deploy/inffast.h"; sourceTree = "<group>"; fileEncoding = 4; };
		FD533AEDE330489392245A3D /* inffixed.h */ = {isa = PBXFileReference; lastKnownFileType = sourcecode.c.h; name = "inffixed.h"; path = "ionic-plugin-deploy/inffixed.h"; sourceTree = "<group>"; fileEncoding = 4; };
		73E59CAF87754834B1582049 /* inflate.h */ = {isa = PBXFileReference; lastKnownFileType = sourcecode.c.h; name = "inflate.h"; path = "ionic-plugin-deploy/inflate.h"; sourceTree = "<group>"; fileEncoding = 4; };
		827D8A5129D4487B9AAC036A /* inftrees.h */ = {isa = PBXFileReference; lastKnownFileType = sourcecode.c.h; name = "inftrees.h"; path = "ionic-plugin-deploy/inftrees.h"; sourceTree = "<group>"; fileEncoding = 4; };
		409DC5BF16FE4CA8985FEE63 /* trees.h */ = {isa = PBXFileReference; lastKnownFileType = sourcecode.c.h; name = "trees.h"; path = "ionic-plugin-deploy/trees.h"; sourceTree = "<group>"; fileEncoding = 4; };
		576E32DFE3E5473B9ADC7C22 /* zconf.h */ = {isa = PBXFileReference; lastKnownFileType = sourcecode.c.h; name = "zconf.h"; path = "ionic-plugin-deploy/zconf.h"; sourceTree = "<group>"; fileEncoding = 4; };
		648C9F08F1C84A8A8361DBD4 /* zlib.h */ = {isa = PBXFileReference; lastKnownFileType = sourcecode.c.h; name = "zlib.h"; path = "ionic-plugin-deploy/zlib.h"; sourceTree = "<group>"; fileEncoding = 4; };
		072E5170A8D246309DA0D3EB /* zutil.h */ = {isa = PBXFileReference; lastKnownFileType = sourcecode.c.h; name = "zutil.h"; path = "ionic-plugin-deploy/zutil.h"; sourceTree = "<group>"; fileEncoding = 4; };
		D33FD11A70714DB0A2C466A3 /* Base64.h */ = {isa = PBXFileReference; lastKnownFileType = sourcecode.c.h; name = "Base64.h"; path = "ionic-plugin-deploy/Base64.h"; sourceTree = "<group>"; fileEncoding = 4; };
		B1CDB3845EB243FBAC58F613 /* UNIHTTPClientHelper.h */ = {isa = PBXFileReference; lastKnownFileType = sourcecode.c.h; name = "UNIHTTPClientHelper.h"; path = "ionic-plugin-deploy/UNIHTTPClientHelper.h"; sourceTree = "<group>"; fileEncoding = 4; };
		47079B0B56A24523B4599EA4 /* UNIHTTPRequest.h */ = {isa = PBXFileReference; lastKnownFileType = sourcecode.c.h; name = "UNIHTTPRequest.h"; path = "ionic-plugin-deploy/UNIHTTPRequest.h"; sourceTree = "<group>"; fileEncoding = 4; };
		1BBE47E9C01C46848BD78545 /* UNIHTTPRequestWithBody.h */ = {isa = PBXFileReference; lastKnownFileType = sourcecode.c.h; name = "UNIHTTPRequestWithBody.h"; path = "ionic-plugin-deploy/UNIHTTPRequestWithBody.h"; sourceTree = "<group>"; fileEncoding = 4; };
		C015FC0B72594D28BBA04051 /* Unirest-Prefix.pch */ = {isa = PBXFileReference; lastKnownFileType = unknown; name = "Unirest-Prefix.pch"; path = "ionic-plugin-deploy/Unirest-Prefix.pch"; sourceTree = "<group>"; fileEncoding = 4; };
		860DB1D1C9524B4E8E0F5A12 /* UNIRest.h */ = {isa = PBXFileReference; lastKnownFileType = sourcecode.c.h; name = "UNIRest.h"; path = "ionic-plugin-deploy/UNIRest.h"; sourceTree = "<group>"; fileEncoding = 4; };
		73ADCCD0326B465A86FC4C9E /* UNIUrlConnection.h */ = {isa = PBXFileReference; lastKnownFileType = sourcecode.c.h; name = "UNIUrlConnection.h"; path = "ionic-plugin-deploy/UNIUrlConnection.h"; sourceTree = "<group>"; fileEncoding = 4; };
		F69E9F955C194AA69194BB15 /* UNIBaseRequest.h */ = {isa = PBXFileReference; lastKnownFileType = sourcecode.c.h; name = "UNIBaseRequest.h"; path = "ionic-plugin-deploy/UNIBaseRequest.h"; sourceTree = "<group>"; fileEncoding = 4; };
		A17D6F726BFE4A2EB7CB8E96 /* UNIBodyRequest.h */ = {isa = PBXFileReference; lastKnownFileType = sourcecode.c.h; name = "UNIBodyRequest.h"; path = "ionic-plugin-deploy/UNIBodyRequest.h"; sourceTree = "<group>"; fileEncoding = 4; };
		48A6A153170B42C39F73E6F1 /* UNISimpleRequest.h */ = {isa = PBXFileReference; lastKnownFileType = sourcecode.c.h; name = "UNISimpleRequest.h"; path = "ionic-plugin-deploy/UNISimpleRequest.h"; sourceTree = "<group>"; fileEncoding = 4; };
		3B3D00D362F74C4192E04289 /* UNIHTTPBinaryResponse.h */ = {isa = PBXFileReference; lastKnownFileType = sourcecode.c.h; name = "UNIHTTPBinaryResponse.h"; path = "ionic-plugin-deploy/UNIHTTPBinaryResponse.h"; sourceTree = "<group>"; fileEncoding = 4; };
		E78C6726057E4969B0EE3116 /* UNIHTTPJsonResponse.h */ = {isa = PBXFileReference; lastKnownFileType = sourcecode.c.h; name = "UNIHTTPJsonResponse.h"; path = "ionic-plugin-deploy/UNIHTTPJsonResponse.h"; sourceTree = "<group>"; fileEncoding = 4; };
		73F036C1C6314831AA864742 /* UNIHTTPResponse.h */ = {isa = PBXFileReference; lastKnownFileType = sourcecode.c.h; name = "UNIHTTPResponse.h"; path = "ionic-plugin-deploy/UNIHTTPResponse.h"; sourceTree = "<group>"; fileEncoding = 4; };
		E5D0A4AC6C2A4BAD969AE4B6 /* UNIHTTPStringResponse.h */ = {isa = PBXFileReference; lastKnownFileType = sourcecode.c.h; name = "UNIHTTPStringResponse.h"; path = "ionic-plugin-deploy/UNIHTTPStringResponse.h"; sourceTree = "<group>"; fileEncoding = 4; };
		24B55FAA826145998B770CDF /* UNIJsonNode.h */ = {isa = PBXFileReference; lastKnownFileType = sourcecode.c.h; name = "UNIJsonNode.h"; path = "ionic-plugin-deploy/UNIJsonNode.h"; sourceTree = "<group>"; fileEncoding = 4; };
/* End PBXFileReference section */

/* Begin PBXFrameworksBuildPhase section */
		1D60588F0D05DD3D006BFB54 /* Frameworks */ = {
			isa = PBXFrameworksBuildPhase;
			buildActionMask = 2147483647;
			files = (
				5B1594DD16A7569C00FEF299 /* AssetsLibrary.framework in Frameworks */,
				301BF552109A68D80062928A /* libCordova.a in Frameworks */,
				288765FD0DF74451002DB57D /* CoreGraphics.framework in Frameworks */,
				305D5FD1115AB8F900A74A75 /* MobileCoreServices.framework in Frameworks */,
			);
			runOnlyForDeploymentPostprocessing = 0;
		};
/* End PBXFrameworksBuildPhase section */

/* Begin PBXGroup section */
		080E96DDFE201D6D7F000001 /* Classes */ = {
			isa = PBXGroup;
			children = (
				302D95EE14D2391D003F00A1 /* MainViewController.h */,
				302D95EF14D2391D003F00A1 /* MainViewController.m */,
				302D95F014D2391D003F00A1 /* MainViewController.xib */,
				1D3623240D0F684500981E51 /* AppDelegate.h */,
				1D3623250D0F684500981E51 /* AppDelegate.m */,
			);
			name = Classes;
			path = "todo/Classes";
			sourceTree = SOURCE_ROOT;
		};
		19C28FACFE9D520D11CA2CBB /* Products */ = {
			isa = PBXGroup;
			children = (
				1D6058910D05DD3D006BFB54 /* todo.app */,
			);
			name = Products;
			sourceTree = "<group>";
		};
		29B97314FDCFA39411CA2CEA /* CustomTemplate */ = {
			isa = PBXGroup;
			children = (
				EB87FDF41871DAF40020F90C /* config.xml */,
				EB87FDF31871DA8E0020F90C /* www */,
				EB87FDF21871DA7A0020F90C /* merges */,
				EB87FDF11871DA420020F90C /* Staging */,
				301BF52D109A57CC0062928A /* CordovaLib.xcodeproj */,
				080E96DDFE201D6D7F000001 /* Classes */,
				307C750510C5A3420062BCA9 /* Plugins */,
				29B97315FDCFA39411CA2CEA /* Other Sources */,
				29B97317FDCFA39411CA2CEA /* Resources */,
				29B97323FDCFA39411CA2CEA /* Frameworks */,
				19C28FACFE9D520D11CA2CBB /* Products */,
			);
			name = CustomTemplate;
			sourceTree = "<group>";
		};
		29B97315FDCFA39411CA2CEA /* Other Sources */ = {
			isa = PBXGroup;
			children = (
				32CA4F630368D1EE00C91783 /* todo-Prefix.pch */,
				29B97316FDCFA39411CA2CEA /* main.m */,
			);
			name = "Other Sources";
			path = "todo";
			sourceTree = "<group>";
		};
		29B97317FDCFA39411CA2CEA /* Resources */ = {
			isa = PBXGroup;
			children = (
				308D052D1370CCF300D202BF /* icons */,
				308D05311370CCF300D202BF /* splash */,
				8D1107310486CEB800E47090 /* todo-Info.plist */,
			);
			name = Resources;
			path = "todo/Resources";
			sourceTree = "<group>";
		};
		29B97323FDCFA39411CA2CEA /* Frameworks */ = {
			isa = PBXGroup;
			children = (
				5B1594DC16A7569C00FEF299 /* AssetsLibrary.framework */,
				288765FC0DF74451002DB57D /* CoreGraphics.framework */,
				305D5FD0115AB8F900A74A75 /* MobileCoreServices.framework */,
			);
			name = Frameworks;
			sourceTree = "<group>";
		};
		301BF52E109A57CC0062928A /* Products */ = {
			isa = PBXGroup;
			children = (
				301BF535109A57CC0062928A /* libCordova.a */,
			);
			name = Products;
			sourceTree = "<group>";
		};
		307C750510C5A3420062BCA9 /* Plugins */ = {
			isa = PBXGroup;
			children = (
				FC5792321E9D469AB7F706A7 /* CDVDevice.m */,
				C7FD455E08EB4B839B6B4D77 /* CDVDevice.h */,
				973475AB1DF74561B3C77A40 /* CDVSplashScreen.m */,
				D517955BA05847499152123C /* CDVViewController+SplashScreen.m */,
				D274ADBE2D8B4622885F3A51 /* CDVSplashScreen.h */,
				3B17E553FD2B40099AC6947A /* CDVViewController+SplashScreen.h */,
				5F680C5C0ACD4A4795D25700 /* CDVStatusBar.m */,
				C3FBCD7D6C9A4A128EB9EA72 /* CDVStatusBar.h */,
				9E2904D049934558A373DC6D /* IonicKeyboard.m */,
				8BFAAFAD63884D45BB90EDDA /* UIWebViewExtension.m */,
				DD242F7880D3422291838187 /* IonicKeyboard.h */,
				7A7900AD232345FE83D87630 /* UIWebViewExtension.h */,
				E2A66DD8E85B4C46A8924385 /* IonicConstant.m */,
				B937FF899AB643A8A7A2F3C6 /* IonicDeploy.m */,
				36C45F1951CC46E1A4C5C1A7 /* Download.m */,
				712EC71670304E79BA7F622F /* DownloadManager.m */,
				33956E2EED2F4985B853E84B /* SSZipArchive.m */,
				6280420E06D14CA68916981C /* ioapi.c */,
				9822E6ED35CD4076A30F95A1 /* unzip.c */,
				FD4267D82E934A6C9DB5C0B5 /* zip.c */,
				F601BEE56926413191C5D995 /* adler32.c */,
				6EEA31F985534C78875E65F5 /* compress.c */,
				ECF48121B74B4285AC911D57 /* crc32.c */,
				BDAA864486EA4C10A0D8A185 /* deflate.c */,
				374A4F6BF8FB4E0998A4E1E0 /* gzclose.c */,
				11FD7896A0A146B6A203918E /* gzlib.c */,
				364C332D84F84FFC88192C4E /* gzread.c */,
				27E0A75F54624EC8AE46E11B /* gzwrite.c */,
				FE14226E5647456993328993 /* infback.c */,
				B71E5634A93045C38016FBC2 /* inffast.c */,
				C18925D6AF944A9E8C86B8FE /* inflate.c */,
				CF454FA9B2774D70A64B584D /* inftrees.c */,
				F68551C0F8884C8FB3F0FC7B /* trees.c */,
				17277C59C7A0435194C113D7 /* uncompr.c */,
				E07308C627FD4957824FC119 /* zutil.c */,
				367093F42D3349E7A6070B1B /* Base64.m */,
				B97F05C8A2AD49829ACB0EEF /* UNIHTTPClientHelper.m */,
				D2A3C23513C3436297DF298A /* UNIHTTPRequest.m */,
				FDF09F7F46444EC7BEF38FC2 /* UNIHTTPRequestWithBody.m */,
				A3EA56F11D824731A9F4D4F3 /* UNIRest.m */,
				F61A74E2CACF427BB7075685 /* UNIUrlConnection.m */,
				44A26F11D41A4C95AC8FDA9B /* UNIBaseRequest.m */,
				42535920F5754698985D40C7 /* UNIBodyRequest.m */,
				40BD3A6D244149A4BE27E66C /* UNISimpleRequest.m */,
				542059B7C7E14C5A8870ABB6 /* UNIHTTPBinaryResponse.m */,
				B105294406834149BA329BFF /* UNIHTTPJsonResponse.m */,
				4983E72545664D208152C402 /* UNIHTTPResponse.m */,
				BFDB34B0B8D943629849520E /* UNIHTTPStringResponse.m */,
				8B111539EE224225B5F4279B /* UNIJsonNode.m */,
				60D6EDC62E4147478371E7D6 /* IonicConstant.h */,
				107D8F2FE31A414B8DF170D5 /* IonicDeploy.h */,
				DBE9438A9A564DE98A677120 /* Download.h */,
				06C7C1C2D8F945D1ABEACC06 /* DownloadManager.h */,
				E76E4C876D824529BD68294A /* SSZipArchive.h */,
				21EE800455DB483DAEAD6AEB /* ARCHelper.h */,
				1A1CCC2CDCB54BE48147BA99 /* crypt.h */,
				1405C3BA536548F8A8F59E2D /* ioapi.h */,
				82BD1EA5EF494A2F8FEE8272 /* unzip.h */,
				3D47C60181D74E08A5A2C40A /* zip.h */,
				2471958455D340A2B591A60B /* crc32.h */,
				EB4F1C301D3049F4B29C45E5 /* deflate.h */,
				879899D99AC64A05B3F19E39 /* gzguts.h */,
				BAEEFDA50CE34A988EDD7E4F /* inffast.h */,
				FD533AEDE330489392245A3D /* inffixed.h */,
				73E59CAF87754834B1582049 /* inflate.h */,
				827D8A5129D4487B9AAC036A /* inftrees.h */,
				409DC5BF16FE4CA8985FEE63 /* trees.h */,
				576E32DFE3E5473B9ADC7C22 /* zconf.h */,
				648C9F08F1C84A8A8361DBD4 /* zlib.h */,
				072E5170A8D246309DA0D3EB /* zutil.h */,
				D33FD11A70714DB0A2C466A3 /* Base64.h */,
				B1CDB3845EB243FBAC58F613 /* UNIHTTPClientHelper.h */,
				47079B0B56A24523B4599EA4 /* UNIHTTPRequest.h */,
				1BBE47E9C01C46848BD78545 /* UNIHTTPRequestWithBody.h */,
				C015FC0B72594D28BBA04051 /* Unirest-Prefix.pch */,
				860DB1D1C9524B4E8E0F5A12 /* UNIRest.h */,
				73ADCCD0326B465A86FC4C9E /* UNIUrlConnection.h */,
				F69E9F955C194AA69194BB15 /* UNIBaseRequest.h */,
				A17D6F726BFE4A2EB7CB8E96 /* UNIBodyRequest.h */,
				48A6A153170B42C39F73E6F1 /* UNISimpleRequest.h */,
				3B3D00D362F74C4192E04289 /* UNIHTTPBinaryResponse.h */,
				E78C6726057E4969B0EE3116 /* UNIHTTPJsonResponse.h */,
				73F036C1C6314831AA864742 /* UNIHTTPResponse.h */,
				E5D0A4AC6C2A4BAD969AE4B6 /* UNIHTTPStringResponse.h */,
				24B55FAA826145998B770CDF /* UNIJsonNode.h */,
			);
			name = Plugins;
			path = "todo/Plugins";
			sourceTree = SOURCE_ROOT;
		};
		308D052D1370CCF300D202BF /* icons */ = {
			isa = PBXGroup;
			children = (
				30C1856519D5FC0A00212699 /* icon-60@3x.png */,
				7E7966D41810823500FA85AD /* icon-40.png */,
				7E7966D51810823500FA85AD /* icon-40@2x.png */,
				7E7966D61810823500FA85AD /* icon-50.png */,
				7E7966D71810823500FA85AD /* icon-50@2x.png */,
				7E7966D81810823500FA85AD /* icon-60.png */,
				7E7966D91810823500FA85AD /* icon-60@2x.png */,
				7E7966DA1810823500FA85AD /* icon-76.png */,
				7E7966DB1810823500FA85AD /* icon-76@2x.png */,
				7E7966DC1810823500FA85AD /* icon-small.png */,
				7E7966DD1810823500FA85AD /* icon-small@2x.png */,
				30FC414816E50CA1004E6F35 /* icon-72@2x.png */,
				308D052E1370CCF300D202BF /* icon-72.png */,
				308D052F1370CCF300D202BF /* icon.png */,
				308D05301370CCF300D202BF /* icon@2x.png */,
			);
			path = icons;
			sourceTree = "<group>";
		};
		308D05311370CCF300D202BF /* splash */ = {
			isa = PBXGroup;
			children = (
				30B4F2FD19D5E07200D9F7D8 /* Default-667h.png */,
				30B4F2FE19D5E07200D9F7D8 /* Default-736h.png */,
				30B4F2FF19D5E07200D9F7D8 /* Default-Landscape-736h.png */,
				D4A0D8751607E02300AEF8BB /* Default-568h@2x~iphone.png */,
				3088BBB7154F3926009F9C59 /* Default-Landscape@2x~ipad.png */,
				3088BBB8154F3926009F9C59 /* Default-Landscape~ipad.png */,
				3088BBB9154F3926009F9C59 /* Default-Portrait@2x~ipad.png */,
				3088BBBA154F3926009F9C59 /* Default-Portrait~ipad.png */,
				3088BBBB154F3926009F9C59 /* Default@2x~iphone.png */,
				3088BBBC154F3926009F9C59 /* Default~iphone.png */,
			);
			path = splash;
			sourceTree = "<group>";
		};
		EB87FDF11871DA420020F90C /* Staging */ = {
			isa = PBXGroup;
			children = (
				F840E1F0165FE0F500CFE078 /* config.xml */,
				301BF56E109A69640062928A /* www */,
			);
			name = Staging;
			sourceTree = "<group>";
		};
/* End PBXGroup section */

/* Begin PBXNativeTarget section */
		1D6058900D05DD3D006BFB54 /* todo */ = {
			isa = PBXNativeTarget;
			buildConfigurationList = 1D6058960D05DD3E006BFB54 /* Build configuration list for PBXNativeTarget "todo" */;
			buildPhases = (
				304B58A110DAC018002A0835 /* Copy www directory */,
				1D60588D0D05DD3D006BFB54 /* Resources */,
				1D60588E0D05DD3D006BFB54 /* Sources */,
				1D60588F0D05DD3D006BFB54 /* Frameworks */,
			);
			buildRules = (
			);
			dependencies = (
				301BF551109A68C00062928A /* PBXTargetDependency */,
			);
			name = "todo";
			productName = "todo";
			productReference = 1D6058910D05DD3D006BFB54 /* todo.app */;
			productType = "com.apple.product-type.application";
		};
/* End PBXNativeTarget section */

/* Begin PBXProject section */
		29B97313FDCFA39411CA2CEA /* Project object */ = {
			isa = PBXProject;
			attributes = {
				LastUpgradeCheck = 510;
			};
			buildConfigurationList = C01FCF4E08A954540054247B /* Build configuration list for PBXProject "__CLI__" */;
			compatibilityVersion = "Xcode 3.2";
			developmentRegion = English;
			hasScannedForEncodings = 1;
			knownRegions = (
				English,
				Japanese,
				French,
				German,
				en,
				es,
				de,
				se,
			);
			mainGroup = 29B97314FDCFA39411CA2CEA /* CustomTemplate */;
			projectDirPath = "";
			projectReferences = (
				{
					ProductGroup = 301BF52E109A57CC0062928A /* Products */;
					ProjectRef = 301BF52D109A57CC0062928A /* CordovaLib.xcodeproj */;
				},
			);
			projectRoot = "";
			targets = (
				1D6058900D05DD3D006BFB54 /* todo */,
			);
		};
/* End PBXProject section */

/* Begin PBXReferenceProxy section */
		301BF535109A57CC0062928A /* libCordova.a */ = {
			isa = PBXReferenceProxy;
			fileType = archive.ar;
			path = libCordova.a;
			remoteRef = 301BF534109A57CC0062928A /* PBXContainerItemProxy */;
			sourceTree = BUILT_PRODUCTS_DIR;
		};
/* End PBXReferenceProxy section */

/* Begin PBXResourcesBuildPhase section */
		1D60588D0D05DD3D006BFB54 /* Resources */ = {
			isa = PBXResourcesBuildPhase;
			buildActionMask = 2147483647;
			files = (
				7E7966E41810823500FA85AD /* icon-76.png in Resources */,
				7E7966DF1810823500FA85AD /* icon-40@2x.png in Resources */,
				308D05371370CCF300D202BF /* icon-72.png in Resources */,
				30B4F30119D5E07200D9F7D8 /* Default-736h.png in Resources */,
				308D05381370CCF300D202BF /* icon.png in Resources */,
				308D05391370CCF300D202BF /* icon@2x.png in Resources */,
				302D95F214D2391D003F00A1 /* MainViewController.xib in Resources */,
				7E7966E01810823500FA85AD /* icon-50.png in Resources */,
				7E7966E31810823500FA85AD /* icon-60@2x.png in Resources */,
				7E7966E61810823500FA85AD /* icon-small.png in Resources */,
				3088BBBD154F3926009F9C59 /* Default-Landscape@2x~ipad.png in Resources */,
				3088BBBE154F3926009F9C59 /* Default-Landscape~ipad.png in Resources */,
				3088BBBF154F3926009F9C59 /* Default-Portrait@2x~ipad.png in Resources */,
				7E7966E71810823500FA85AD /* icon-small@2x.png in Resources */,
				3088BBC0154F3926009F9C59 /* Default-Portrait~ipad.png in Resources */,
				30B4F30019D5E07200D9F7D8 /* Default-667h.png in Resources */,
				7E7966DE1810823500FA85AD /* icon-40.png in Resources */,
				3088BBC1154F3926009F9C59 /* Default@2x~iphone.png in Resources */,
				7E7966E21810823500FA85AD /* icon-60.png in Resources */,
				3088BBC2154F3926009F9C59 /* Default~iphone.png in Resources */,
				D4A0D8761607E02300AEF8BB /* Default-568h@2x~iphone.png in Resources */,
				30B4F30219D5E07200D9F7D8 /* Default-Landscape-736h.png in Resources */,
				30C1856619D5FC0A00212699 /* icon-60@3x.png in Resources */,
				7E7966E11810823500FA85AD /* icon-50@2x.png in Resources */,
				7E7966E51810823500FA85AD /* icon-76@2x.png in Resources */,
				30FC414916E50CA1004E6F35 /* icon-72@2x.png in Resources */,
			);
			runOnlyForDeploymentPostprocessing = 0;
		};
/* End PBXResourcesBuildPhase section */

/* Begin PBXShellScriptBuildPhase section */
		304B58A110DAC018002A0835 /* Copy www directory */ = {
			isa = PBXShellScriptBuildPhase;
			buildActionMask = 2147483647;
			files = (
			);
			inputPaths = (
			);
			name = "Copy www directory";
			outputPaths = (
			);
			runOnlyForDeploymentPostprocessing = 0;
			shellPath = /bin/sh;
			shellScript = "cordova/lib/copy-www-build-step.sh";
			showEnvVarsInLog = 0;
		};
/* End PBXShellScriptBuildPhase section */

/* Begin PBXSourcesBuildPhase section */
		1D60588E0D05DD3D006BFB54 /* Sources */ = {
			isa = PBXSourcesBuildPhase;
			buildActionMask = 2147483647;
			files = (
				1D60589B0D05DD56006BFB54 /* main.m in Sources */,
				1D3623260D0F684500981E51 /* AppDelegate.m in Sources */,
				302D95F114D2391D003F00A1 /* MainViewController.m in Sources */,
				838DA433E91E4570941EC23C /* CDVDevice.m in Sources */,
				6F748AC0B764465F88C71C11 /* CDVSplashScreen.m in Sources */,
				5874265E331C45C69D199A6A /* CDVViewController+SplashScreen.m in Sources */,
				85235225EF174ECDB05BFAB7 /* CDVStatusBar.m in Sources */,
				3434B91D7C154AF787578F99 /* IonicKeyboard.m in Sources */,
				8227C8C991D149CB975AD306 /* UIWebViewExtension.m in Sources */,
				33EED82AA02547C085613E7F /* IonicConstant.m in Sources */,
				1F92D6DD0E8E4E628CF36E29 /* IonicDeploy.m in Sources */,
				085DF467659246ADAFDA0F8D /* Download.m in Sources */,
				71CE2D2B37684D6E96BE7C7B /* DownloadManager.m in Sources */,
				8043C92E6451495BA4D452AF /* SSZipArchive.m in Sources */,
				91C8B0D055C94311A5860696 /* ioapi.c in Resources */,
				D65206228BB344B9A1357851 /* unzip.c in Resources */,
				F21A4AB71B6344AC9B26A38B /* zip.c in Resources */,
				FEC10F8738374DF2B2A35AFB /* adler32.c in Resources */,
				AAC3428B53DB4AAFB92B174D /* compress.c in Resources */,
				D41634C79C834D9AAB93D618 /* crc32.c in Resources */,
				5A517B45BE644277B44E8FFE /* deflate.c in Resources */,
				D5C572AEA30444E8BFAB8B73 /* gzclose.c in Resources */,
				E5796557819D4E2E82E61824 /* gzlib.c in Resources */,
				3B9AF1BC25F742D297799D5E /* gzread.c in Resources */,
				58EC0817FB1B4870B8BAE888 /* gzwrite.c in Resources */,
				5E134F2EA6224BE08E96CD92 /* infback.c in Resources */,
				8321C27EB4B144A5864D3F40 /* inffast.c in Resources */,
				F12AD32F922C47A681C6AC1A /* inflate.c in Resources */,
				F7E907F751BB4A8D8D9A4467 /* inftrees.c in Resources */,
				B3D9467DA5EE4D81A7E90AAB /* trees.c in Resources */,
				26268CC392594F5682F7A3D3 /* uncompr.c in Resources */,
				2B43A0AA6EC34CBD9A8D20EC /* zutil.c in Resources */,
				EAE80812FEB14597B970F16D /* Base64.m in Sources */,
				BED84641F986472BB7C3B6D2 /* UNIHTTPClientHelper.m in Sources */,
				97FD766BBD624B6FB238A715 /* UNIHTTPRequest.m in Sources */,
				96791CF205754698BD2FF286 /* UNIHTTPRequestWithBody.m in Sources */,
				7752AC5323C446A0B04FA756 /* UNIRest.m in Sources */,
				FA6744ED205342AB99AE9D0D /* UNIUrlConnection.m in Sources */,
				95446AFFFC074E9CA58066D3 /* UNIBaseRequest.m in Sources */,
				39D83607B3B941A19C480436 /* UNIBodyRequest.m in Sources */,
				BC1FC1690F0B4A2A8E5A49D2 /* UNISimpleRequest.m in Sources */,
				2FE0DA838AE54CAAB22E66F4 /* UNIHTTPBinaryResponse.m in Sources */,
				71FA71386F9C4449B3E8D889 /* UNIHTTPJsonResponse.m in Sources */,
				ED44DD86E3EA4E4D8D085B4D /* UNIHTTPResponse.m in Sources */,
				C7270CB32EEC41E79BE4C842 /* UNIHTTPStringResponse.m in Sources */,
				006B59EE5E02462B9FCCABC5 /* UNIJsonNode.m in Sources */,
			);
			runOnlyForDeploymentPostprocessing = 0;
		};
/* End PBXSourcesBuildPhase section */

/* Begin PBXTargetDependency section */
		301BF551109A68C00062928A /* PBXTargetDependency */ = {
			isa = PBXTargetDependency;
			name = CordovaLib;
			targetProxy = 301BF550109A68C00062928A /* PBXContainerItemProxy */;
		};
/* End PBXTargetDependency section */

/* Begin XCBuildConfiguration section */
		1D6058940D05DD3E006BFB54 /* Debug */ = {
			isa = XCBuildConfiguration;
			buildSettings = {
				ALWAYS_SEARCH_USER_PATHS = NO;
				CLANG_ENABLE_OBJC_ARC = YES;
				COPY_PHASE_STRIP = NO;
				GCC_DYNAMIC_NO_PIC = NO;
				GCC_OPTIMIZATION_LEVEL = 0;
				GCC_PRECOMPILE_PREFIX_HEADER = YES;
				GCC_PREFIX_HEADER = "todo/todo-Prefix.pch";
				GCC_THUMB_SUPPORT = NO;
				GCC_VERSION = "";
				INFOPLIST_FILE = "todo/todo-Info.plist";
				IPHONEOS_DEPLOYMENT_TARGET = 6.0;
				OTHER_LDFLAGS = (
					"-weak_framework",
					CoreFoundation,
					"-weak_framework",
					UIKit,
					"-weak_framework",
					AVFoundation,
					"-weak_framework",
					CoreMedia,
					"-weak-lSystem",
					"-ObjC",
				);
				PRODUCT_NAME = "todo";
				TARGETED_DEVICE_FAMILY = "1,2";
			};
			name = Debug;
		};
		1D6058950D05DD3E006BFB54 /* Release */ = {
			isa = XCBuildConfiguration;
			buildSettings = {
				ALWAYS_SEARCH_USER_PATHS = NO;
				CLANG_ENABLE_OBJC_ARC = YES;
				COPY_PHASE_STRIP = YES;
				GCC_PRECOMPILE_PREFIX_HEADER = YES;
				GCC_PREFIX_HEADER = "todo/todo-Prefix.pch";
				GCC_THUMB_SUPPORT = NO;
				GCC_VERSION = "";
				INFOPLIST_FILE = "todo/todo-Info.plist";
				IPHONEOS_DEPLOYMENT_TARGET = 6.0;
				OTHER_LDFLAGS = (
					"-weak_framework",
					CoreFoundation,
					"-weak_framework",
					UIKit,
					"-weak_framework",
					AVFoundation,
					"-weak_framework",
					CoreMedia,
					"-weak-lSystem",
					"-ObjC",
				);
				PRODUCT_NAME = "todo";
				TARGETED_DEVICE_FAMILY = "1,2";
			};
			name = Release;
		};
		C01FCF4F08A954540054247B /* Debug */ = {
			isa = XCBuildConfiguration;
			buildSettings = {
				CLANG_ENABLE_OBJC_ARC = YES;
				CLANG_WARN_BOOL_CONVERSION = YES;
				CLANG_WARN_CONSTANT_CONVERSION = YES;
				CLANG_WARN_EMPTY_BODY = YES;
				CLANG_WARN_ENUM_CONVERSION = YES;
				CLANG_WARN_INT_CONVERSION = YES;
				CLANG_WARN__DUPLICATE_METHOD_MATCH = YES;
				"CODE_SIGN_IDENTITY[sdk=iphoneos*]" = "iPhone Developer";
				GCC_C_LANGUAGE_STANDARD = c99;
				GCC_THUMB_SUPPORT = NO;
				GCC_VERSION = "";
				GCC_WARN_ABOUT_RETURN_TYPE = YES;
				GCC_WARN_UNDECLARED_SELECTOR = YES;
				GCC_WARN_UNINITIALIZED_AUTOS = YES;
				GCC_WARN_UNUSED_FUNCTION = YES;
				GCC_WARN_UNUSED_VARIABLE = YES;
				HEADER_SEARCH_PATHS = (
					"\"$(TARGET_BUILD_DIR)/usr/local/lib/include\"",
					"\"$(OBJROOT)/UninstalledProducts/include\"",
					"\"$(BUILT_PRODUCTS_DIR)\"",
				);
				IPHONEOS_DEPLOYMENT_TARGET = 6.0;
				ONLY_ACTIVE_ARCH = YES;
				OTHER_LDFLAGS = (
					"-weak_framework",
					CoreFoundation,
					"-weak_framework",
					UIKit,
					"-weak_framework",
					AVFoundation,
					"-weak_framework",
					CoreMedia,
					"-weak-lSystem",
					"-ObjC",
				);
				SDKROOT = iphoneos;
				SKIP_INSTALL = NO;
				USER_HEADER_SEARCH_PATHS = "";
			};
			name = Debug;
		};
		C01FCF5008A954540054247B /* Release */ = {
			isa = XCBuildConfiguration;
			buildSettings = {
				CLANG_ENABLE_OBJC_ARC = YES;
				CLANG_WARN_BOOL_CONVERSION = YES;
				CLANG_WARN_CONSTANT_CONVERSION = YES;
				CLANG_WARN_EMPTY_BODY = YES;
				CLANG_WARN_ENUM_CONVERSION = YES;
				CLANG_WARN_INT_CONVERSION = YES;
				CLANG_WARN__DUPLICATE_METHOD_MATCH = YES;
				"CODE_SIGN_IDENTITY[sdk=iphoneos*]" = "iPhone Developer";
				GCC_C_LANGUAGE_STANDARD = c99;
				GCC_THUMB_SUPPORT = NO;
				GCC_VERSION = "";
				GCC_WARN_ABOUT_RETURN_TYPE = YES;
				GCC_WARN_UNDECLARED_SELECTOR = YES;
				GCC_WARN_UNINITIALIZED_AUTOS = YES;
				GCC_WARN_UNUSED_FUNCTION = YES;
				GCC_WARN_UNUSED_VARIABLE = YES;
				HEADER_SEARCH_PATHS = (
					"\"$(TARGET_BUILD_DIR)/usr/local/lib/include\"",
					"\"$(OBJROOT)/UninstalledProducts/include\"",
					"\"$(BUILT_PRODUCTS_DIR)\"",
				);
				IPHONEOS_DEPLOYMENT_TARGET = 6.0;
				OTHER_LDFLAGS = (
					"-weak_framework",
					CoreFoundation,
					"-weak_framework",
					UIKit,
					"-weak_framework",
					AVFoundation,
					"-weak_framework",
					CoreMedia,
					"-weak-lSystem",
					"-ObjC",
				);
				SDKROOT = iphoneos;
				SKIP_INSTALL = NO;
				USER_HEADER_SEARCH_PATHS = "";
			};
			name = Release;
		};
/* End XCBuildConfiguration section */

/* Begin XCConfigurationList section */
		1D6058960D05DD3E006BFB54 /* Build configuration list for PBXNativeTarget "todo" */ = {
			isa = XCConfigurationList;
			buildConfigurations = (
				1D6058940D05DD3E006BFB54 /* Debug */,
				1D6058950D05DD3E006BFB54 /* Release */,
			);
			defaultConfigurationIsVisible = 0;
			defaultConfigurationName = Release;
		};
		C01FCF4E08A954540054247B /* Build configuration list for PBXProject "__CLI__" */ = {
			isa = XCConfigurationList;
			buildConfigurations = (
				C01FCF4F08A954540054247B /* Debug */,
				C01FCF5008A954540054247B /* Release */,
			);
			defaultConfigurationIsVisible = 0;
			defaultConfigurationName = Release;
		};
/* End XCConfigurationList section */
	};
	rootObject = 29B97313FDCFA39411CA2CEA /* Project object */;
}
